{
  "object": {
    "pins": [
      {
        "package": "Facebook",
        "repositoryURL": "https://github.com/facebook/facebook-ios-sdk.git",
        "state": {
          "branch": null,
          "revision": "634f95aed56f8b77a82a4f73ebc4c1975408dff4",
          "version": "5.15.0"
        }
      },
      {
        "package": "KeychainAccess",
        "repositoryURL": "https://github.com/kishikawakatsumi/KeychainAccess.git",
        "state": {
          "branch": null,
          "revision": "b920ad7df3c73189dcdd4aa05c540849b2010dbf",
          "version": "4.1.0"
        }
      },
      {
        "package": "TPInAppReceipt",
        "repositoryURL": "https://github.com/tikhop/TPInAppReceipt.git",
        "state": {
          "branch": null,
          "revision": "a10347ae5dcafbacc36b418bf4a87b9eba742650",
          "version": "2.3.3"
        }
      }
    ]
  },
  "version": 1
}
