{
  "object": {
    "pins": [
      {
        "package": "Facebook",
        "repositoryURL": "https://github.com/facebook/facebook-ios-sdk.git",
        "state": {
          "branch": null,
          "revision": "9398d30089c2c14e0f0026e24388ca0829f8f1c5",
          "version": "5.15.1"
        }
      },
      {
        "package": "KeychainAccess",
        "repositoryURL": "https://github.com/kishikawakatsumi/KeychainAccess.git",
        "state": {
          "branch": null,
          "revision": "3d0ea2c0806791abcc5d7f0d9f62f1cfd4a7264d",
          "version": "4.2.0"
        }
      },
      {
        "package": "TPInAppReceipt",
        "repositoryURL": "https://github.com/tikhop/TPInAppReceipt.git",
        "state": {
          "branch": null,
          "revision": "61591a73792280d73baade63f2429b87e0659125",
          "version": "2.6.2"
        }
      }
    ]
  },
  "version": 1
}
