{
  "object": {
    "pins": [
      {
        "package": "CwlCatchException",
        "repositoryURL": "https://github.com/mattgallagher/CwlCatchException.git",
        "state": {
          "branch": null,
          "revision": "7cd2f8cacc4d22f21bc0b2309c3b18acf7957b66",
          "version": "1.2.0"
        }
      },
      {
        "package": "CwlPreconditionTesting",
        "repositoryURL": "https://github.com/mattgallagher/CwlPreconditionTesting.git",
        "state": {
          "branch": null,
          "revision": "c228db5d2ad1b01ebc84435e823e6cca4e3db98b",
          "version": "1.2.0"
        }
      },
      {
        "package": "DT.Core.iOS",
        "repositoryURL": "/Users/maximevtukh/DreamTeam/Apps/dt-ios-core",
        "state": {
          "branch": "feature/extend-with-components",
          "revision": "8c594b29fdc34a1ce610f18da552c8e85ec467fe",
          "version": null
        }
      },
      {
        "package": "Facebook",
        "repositoryURL": "https://github.com/facebook/facebook-ios-sdk.git",
        "state": {
          "branch": null,
          "revision": "634f95aed56f8b77a82a4f73ebc4c1975408dff4",
          "version": "5.15.0"
        }
      },
      {
        "package": "Fakery",
        "repositoryURL": "https://github.com/vadymmarkov/Fakery",
        "state": {
          "branch": "master",
          "revision": "dee8a8cf71f654faf2851553ec26534fdc4e0ce0",
          "version": null
        }
      },
      {
        "package": "Guise",
        "repositoryURL": "https://github.com/Prosumma/Guise",
        "state": {
          "branch": "master",
          "revision": "9e26732d1484fadedaaf3c1556df828df89d9d38",
          "version": null
        }
      },
      {
        "package": "KeychainAccess",
        "repositoryURL": "https://github.com/kishikawakatsumi/KeychainAccess.git",
        "state": {
          "branch": null,
          "revision": "b920ad7df3c73189dcdd4aa05c540849b2010dbf",
          "version": "4.1.0"
        }
      },
      {
        "package": "Nimble",
        "repositoryURL": "https://github.com/Quick/Nimble.git",
        "state": {
          "branch": null,
          "revision": "b02b00b30b6353632aa4a5fb6124f8147f7140c0",
          "version": "8.0.5"
        }
      },
      {
        "package": "Quick",
        "repositoryURL": "https://github.com/Quick/Quick.git",
        "state": {
          "branch": null,
          "revision": "33682c2f6230c60614861dfc61df267e11a1602f",
          "version": "2.2.0"
        }
      },
      {
        "package": "TPInAppReceipt",
        "repositoryURL": "https://github.com/tikhop/TPInAppReceipt.git",
        "state": {
          "branch": null,
          "revision": "a10347ae5dcafbacc36b418bf4a87b9eba742650",
          "version": "2.3.3"
        }
      }
    ]
  },
  "version": 1
}
