{
  "object": {
    "pins": [
      {
        "package": "DT.Core.iOS",
        "repositoryURL": "https://github.com/DreamTeamMobile/dt-ios-core",
        "state": {
          "branch": "dev",
          "revision": "70cf0e95cd90aee6cf478ed2683d0d4d68fa97b3",
          "version": null
        }
      }
    ]
  },
  "version": 1
}
