{
  "object": {
    "pins": [
      {
        "package": "DT.Core.iOS",
        "repositoryURL": "https://github.com/DreamTeamMobile/dt-ios-core",
        "state": {
          "branch": "dev",
          "revision": "05ab3c8f739f52950d09bb20c4d34f7c1dd32dbf",
          "version": null
        }
      },
      {
        "package": "Guise",
        "repositoryURL": "https://github.com/Prosumma/Guise",
        "state": {
          "branch": "master",
          "revision": "a9000c437e92fa4b9784c4ffb9355ef754aae6bc",
          "version": null
        }
      }
    ]
  },
  "version": 1
}
